{
    "version": 3,
    "terraform_version": "0.11.4",
    "serial": 6,
    "lineage": "5ea6dad1-ff4c-c55d-8d41-f11be30b74a2",
    "modules": [
        {
            "path": [
                "root"
            ],
            "outputs": {
                "jumpbox_public_ip": {
                    "sensitive": false,
                    "type": "string",
                    "value": "35.172.119.237"
                }
            },
            "resources": {
                "aws_instance.jumpbox": {
                    "type": "aws_instance",
                    "depends_on": [
                        "aws_key_pair.jumpbox_key",
                        "aws_security_group.allow_ssh"
                    ],
                    "primary": {
                        "id": "i-074cf46acc443f901",
                        "attributes": {
                            "ami": "ami-66506c1c",
                            "associate_public_ip_address": "true",
                            "availability_zone": "us-east-1a",
                            "disable_api_termination": "false",
                            "ebs_block_device.#": "0",
                            "ebs_optimized": "false",
                            "ephemeral_block_device.#": "0",
                            "iam_instance_profile": "",
                            "id": "i-074cf46acc443f901",
                            "instance_state": "running",
                            "instance_type": "t2.micro",
                            "ipv6_addresses.#": "0",
                            "key_name": "jumpbox_key",
                            "monitoring": "false",
                            "network_interface.#": "0",
                            "network_interface_id": "eni-0c0bac802e244becc",
                            "placement_group": "",
                            "primary_network_interface_id": "eni-0c0bac802e244becc",
                            "private_dns": "ip-172-31-87-106.ec2.internal",
                            "private_ip": "172.31.87.106",
                            "public_dns": "ec2-35-172-119-237.compute-1.amazonaws.com",
                            "public_ip": "35.172.119.237",
                            "root_block_device.#": "1",
                            "root_block_device.0.delete_on_termination": "true",
                            "root_block_device.0.iops": "100",
                            "root_block_device.0.volume_id": "vol-02bb152b087f4f28c",
                            "root_block_device.0.volume_size": "8",
                            "root_block_device.0.volume_type": "gp2",
                            "security_groups.#": "1",
                            "security_groups.1454479838": "allow_ssh",
                            "source_dest_check": "true",
                            "subnet_id": "subnet-4b9eaa64",
                            "tags.%": "0",
                            "tenancy": "default",
                            "volume_tags.%": "0",
                            "vpc_security_group_ids.#": "1",
                            "vpc_security_group_ids.3065877018": "sg-051b0ef17896ed9e1"
                        },
                        "meta": {
                            "e2bfb730-ecaa-11e6-8f88-34363bc7c4c0": {
                                "create": 600000000000,
                                "delete": 1200000000000,
                                "update": 600000000000
                            },
                            "schema_version": "1"
                        },
                        "tainted": false
                    },
                    "deposed": [],
                    "provider": "provider.aws"
                },
                "aws_key_pair.jumpbox_key": {
                    "type": "aws_key_pair",
                    "depends_on": [],
                    "primary": {
                        "id": "jumpbox_key",
                        "attributes": {
                            "fingerprint": "e2:1e:fc:bb:c1:d9:cf:ad:81:5f:b3:b9:3b:ed:96:b1",
                            "id": "jumpbox_key",
                            "key_name": "jumpbox_key",
                            "public_key": "ssh-rsa AAAAB3NzaC1yc2EAAAADAQABAAABAQC72wrIyQwUH20WEWSXQso94qWngJ341auVhWk1JMdmd9uZyVxAht2VBEjHv/lf77ejJCZNRHoYBa4QSyquCVd+S7pxitl9i61eAvWBVg0mFep3rXIwy5UL1ebMtcKT0AMeHW/WngN4zzpFK267xyVOchDxxn0SUfc4P52rCzfLMmjULRGNE5hG5yktW/BU5r+IjTYlwZ6LecMf3S5q7JIlhdkePuF0o0f1AGBAxHCHeC8JrgKa/tPTSsRN+N5Ri0beVaTHcQAqJCYJcvMXwijG2C/oHL6AzWLOVk2AdohFMABVmFolV8/MyAUkRQHmLK/SdwLxQJeP/2XhezS5cS77 julee@pivotal.io"
                        },
                        "meta": {
                            "schema_version": "1"
                        },
                        "tainted": false
                    },
                    "deposed": [],
                    "provider": "provider.aws"
                },
                "aws_security_group.allow_ssh": {
                    "type": "aws_security_group",
                    "depends_on": [],
                    "primary": {
                        "id": "sg-051b0ef17896ed9e1",
                        "attributes": {
                            "description": "Allow SSH traffic",
                            "egress.#": "0",
                            "id": "sg-051b0ef17896ed9e1",
                            "ingress.#": "1",
                            "ingress.1911780872.cidr_blocks.#": "1",
                            "ingress.1911780872.cidr_blocks.0": "0.0.0.0/0",
                            "ingress.1911780872.description": "",
                            "ingress.1911780872.from_port": "0",
                            "ingress.1911780872.ipv6_cidr_blocks.#": "0",
                            "ingress.1911780872.protocol": "tcp",
                            "ingress.1911780872.security_groups.#": "0",
                            "ingress.1911780872.self": "false",
                            "ingress.1911780872.to_port": "22",
                            "name": "allow_ssh",
                            "owner_id": "530312345777",
                            "revoke_rules_on_delete": "false",
                            "tags.%": "0",
                            "vpc_id": "vpc-6948cc12"
                        },
                        "meta": {
                            "e2bfb730-ecaa-11e6-8f88-34363bc7c4c0": {
                                "create": 600000000000,
                                "delete": 600000000000
                            },
                            "schema_version": "1"
                        },
                        "tainted": false
                    },
                    "deposed": [],
                    "provider": "provider.aws"
                }
            },
            "depends_on": []
        }
    ]
}
